
Microsoft Visual Studio Solution File, Format Version 12.00
# Visual Studio Version 16
VisualStudioVersion = 16.0.30611.23
MinimumVisualStudioVersion = 10.0.40219.1
Project("{FAE04EC0-301F-11D3-BF4B-00C04F79EFBC}") = "SnakeGame", "SnakeGame.csproj", "{856C6CF7-2B78-41F6-8D44-826D65E9C28C}"
EndProject
Global
	GlobalSection(SolutionConfigurationPlatforms) = preSolution
		Debug|Any CPU = Debug|Any CPU
		Release|Any CPU = Release|Any CPU
	EndGlobalSection
	GlobalSection(ProjectConfigurationPlatforms) = postSolution
		{856C6CF7-2B78-41F6-8D44-826D65E9C28C}.Debug|Any CPU.ActiveCfg = Debug|Any CPU
		{856C6CF7-2B78-41F6-8D44-826D65E9C28C}.Debug|Any CPU.Build.0 = Debug|Any CPU
		{856C6CF7-2B78-41F6-8D44-826D65E9C28C}.Release|Any CPU.ActiveCfg = Release|Any CPU
		{856C6CF7-2B78-41F6-8D44-826D65E9C28C}.Release|Any CPU.Build.0 = Release|Any CPU
	EndGlobalSection
	GlobalSection(SolutionProperties) = preSolution
		HideSolutionNode = FALSE
	EndGlobalSection
	GlobalSection(ExtensibilityGlobals) = postSolution
		SolutionGuid = {FA9E26FE-A6A7-4B65-8032-8CC0E9F7D831}
	EndGlobalSection
EndGlobal
